
Microsoft Visual Studio Solution File, Format Version 12.00
# Visual Studio 15
VisualStudioVersion = 15.0.28307.1145
MinimumVisualStudioVersion = 10.0.40219.1
Project("{FAE04EC0-301F-11D3-BF4B-00C04F79EFBC}") = "csharp_arduino_bluttuth", "csharp_arduino_bluttuth\csharp_arduino_bluttuth.csproj", "{BF44A6B5-D5E8-4361-A79F-45E845E3E833}"
EndProject
Global
	GlobalSection(SolutionConfigurationPlatforms) = preSolution
		Debug|Any CPU = Debug|Any CPU
		Release|Any CPU = Release|Any CPU
	EndGlobalSection
	GlobalSection(ProjectConfigurationPlatforms) = postSolution
		{BF44A6B5-D5E8-4361-A79F-45E845E3E833}.Debug|Any CPU.ActiveCfg = Debug|Any CPU
		{BF44A6B5-D5E8-4361-A79F-45E845E3E833}.Debug|Any CPU.Build.0 = Debug|Any CPU
		{BF44A6B5-D5E8-4361-A79F-45E845E3E833}.Release|Any CPU.ActiveCfg = Release|Any CPU
		{BF44A6B5-D5E8-4361-A79F-45E845E3E833}.Release|Any CPU.Build.0 = Release|Any CPU
	EndGlobalSection
	GlobalSection(SolutionProperties) = preSolution
		HideSolutionNode = FALSE
	EndGlobalSection
	GlobalSection(ExtensibilityGlobals) = postSolution
		SolutionGuid = {15F773C2-AD33-4525-B98C-DACE1BE1FED7}
	EndGlobalSection
EndGlobal
